
Microsoft Visual Studio Solution File, Format Version 12.00
# Visual Studio 15
VisualStudioVersion = 15.0.27428.2015
MinimumVisualStudioVersion = 10.0.40219.1
Project("{FAE04EC0-301F-11D3-BF4B-00C04F79EFBC}") = "consoleApplication", "consoleApplication\consoleApplication.csproj", "{CCAFC0A2-B820-4B68-9083-6DCEE1FADAE8}"
EndProject
Project("{FAE04EC0-301F-11D3-BF4B-00C04F79EFBC}") = "codeAssessmentTest", "codeAssessmentTest\codeAssessmentTest.csproj", "{7FD95490-B3E4-46F8-A37F-F4E79CBE7CE8}"
EndProject
Project("{FAE04EC0-301F-11D3-BF4B-00C04F79EFBC}") = "codeAssessmentLibrary", "codeAssessmentLibrary\codeAssessmentLibrary.csproj", "{7B9384AC-B504-4673-82AD-3D88228B1059}"
EndProject
Global
	GlobalSection(SolutionConfigurationPlatforms) = preSolution
		Debug|Any CPU = Debug|Any CPU
		Release|Any CPU = Release|Any CPU
	EndGlobalSection
	GlobalSection(ProjectConfigurationPlatforms) = postSolution
		{CCAFC0A2-B820-4B68-9083-6DCEE1FADAE8}.Debug|Any CPU.ActiveCfg = Debug|Any CPU
		{CCAFC0A2-B820-4B68-9083-6DCEE1FADAE8}.Debug|Any CPU.Build.0 = Debug|Any CPU
		{CCAFC0A2-B820-4B68-9083-6DCEE1FADAE8}.Release|Any CPU.ActiveCfg = Release|Any CPU
		{CCAFC0A2-B820-4B68-9083-6DCEE1FADAE8}.Release|Any CPU.Build.0 = Release|Any CPU
		{7FD95490-B3E4-46F8-A37F-F4E79CBE7CE8}.Debug|Any CPU.ActiveCfg = Debug|Any CPU
		{7FD95490-B3E4-46F8-A37F-F4E79CBE7CE8}.Debug|Any CPU.Build.0 = Debug|Any CPU
		{7FD95490-B3E4-46F8-A37F-F4E79CBE7CE8}.Release|Any CPU.ActiveCfg = Release|Any CPU
		{7FD95490-B3E4-46F8-A37F-F4E79CBE7CE8}.Release|Any CPU.Build.0 = Release|Any CPU
		{7B9384AC-B504-4673-82AD-3D88228B1059}.Debug|Any CPU.ActiveCfg = Debug|Any CPU
		{7B9384AC-B504-4673-82AD-3D88228B1059}.Debug|Any CPU.Build.0 = Debug|Any CPU
		{7B9384AC-B504-4673-82AD-3D88228B1059}.Release|Any CPU.ActiveCfg = Release|Any CPU
		{7B9384AC-B504-4673-82AD-3D88228B1059}.Release|Any CPU.Build.0 = Release|Any CPU
	EndGlobalSection
	GlobalSection(SolutionProperties) = preSolution
		HideSolutionNode = FALSE
	EndGlobalSection
	GlobalSection(ExtensibilityGlobals) = postSolution
		SolutionGuid = {E247126A-5870-4875-9E4E-1A82FB33FB4E}
	EndGlobalSection
EndGlobal
